
Microsoft Visual Studio Solution File, Format Version 12.00
# Visual Studio Version 16
VisualStudioVersion = 16.0.31112.23
MinimumVisualStudioVersion = 10.0.40219.1
Project("{F184B08F-C81C-45F6-A57F-5ABD9991F28F}") = "K202_OpcenterCustomization", "K202_OpcenterCustomization\K202_OpcenterCustomization.vbproj", "{9869B6C4-72C6-4872-A84A-32AAB8BE58B4}"
EndProject
Project("{54435603-DBB4-11D2-8724-00A0C9A8B90C}") = "GRI_Customization_Setup", "GRI_Customization_Setup\GRI_Customization_Setup.vdproj", "{7DAF0649-EFEE-4AF1-B592-CB51D942151E}"
EndProject
Global
	GlobalSection(SolutionConfigurationPlatforms) = preSolution
		Debug|x64 = Debug|x64
		Release|x64 = Release|x64
	EndGlobalSection
	GlobalSection(ProjectConfigurationPlatforms) = postSolution
		{9869B6C4-72C6-4872-A84A-32AAB8BE58B4}.Debug|x64.ActiveCfg = Debug|x64
		{9869B6C4-72C6-4872-A84A-32AAB8BE58B4}.Debug|x64.Build.0 = Debug|x64
		{9869B6C4-72C6-4872-A84A-32AAB8BE58B4}.Release|x64.ActiveCfg = Release|x64
		{9869B6C4-72C6-4872-A84A-32AAB8BE58B4}.Release|x64.Build.0 = Release|x64
		{7DAF0649-EFEE-4AF1-B592-CB51D942151E}.Debug|x64.ActiveCfg = Debug
		{7DAF0649-EFEE-4AF1-B592-CB51D942151E}.Release|x64.ActiveCfg = Release
	EndGlobalSection
	GlobalSection(SolutionProperties) = preSolution
		HideSolutionNode = FALSE
	EndGlobalSection
	GlobalSection(ExtensibilityGlobals) = postSolution
		SolutionGuid = {A33B3B23-C162-4947-B5BD-971CF9F623D4}
	EndGlobalSection
EndGlobal
